
Microsoft Visual Studio Solution File, Format Version 12.00
# Visual Studio Version 17
VisualStudioVersion = 17.5.33103.201
MinimumVisualStudioVersion = 10.0.40219.1
Project("{FAE04EC0-301F-11D3-BF4B-00C04F79EFBC}") = "APKDeployment", "APKDeployment\APKDeployment.csproj", "{139A1B19-0FFF-4A0E-A1AB-1916D13CE1A5}"
EndProject
Global
	GlobalSection(SolutionConfigurationPlatforms) = preSolution
		Debug|Any CPU = Debug|Any CPU
		Release|Any CPU = Release|Any CPU
	EndGlobalSection
	GlobalSection(ProjectConfigurationPlatforms) = postSolution
		{139A1B19-0FFF-4A0E-A1AB-1916D13CE1A5}.Debug|Any CPU.ActiveCfg = Debug|Any CPU
		{139A1B19-0FFF-4A0E-A1AB-1916D13CE1A5}.Debug|Any CPU.Build.0 = Debug|Any CPU
		{139A1B19-0FFF-4A0E-A1AB-1916D13CE1A5}.Release|Any CPU.ActiveCfg = Release|Any CPU
		{139A1B19-0FFF-4A0E-A1AB-1916D13CE1A5}.Release|Any CPU.Build.0 = Release|Any CPU
	EndGlobalSection
	GlobalSection(SolutionProperties) = preSolution
		HideSolutionNode = FALSE
	EndGlobalSection
	GlobalSection(ExtensibilityGlobals) = postSolution
		SolutionGuid = {0B064A7B-B730-413E-9DF8-582131107A96}
	EndGlobalSection
EndGlobal
